
Microsoft Visual Studio Solution File, Format Version 12.00
# Visual Studio 14
VisualStudioVersion = 14.0.24720.0
MinimumVisualStudioVersion = 10.0.40219.1
Project("{2150E333-8FDC-42A3-9474-1A3956D46DE8}") = "src", "src", "{A2A2B030-0EC5-47FE-8A19-1C09BB2775AE}"
EndProject
Project("{2150E333-8FDC-42A3-9474-1A3956D46DE8}") = "Solution Items", "Solution Items", "{3E429730-F6BE-42F3-8ED8-9E4EF2B7AC5E}"
	ProjectSection(SolutionItems) = preProject
		global.json = global.json
		src\insertUsers.bat = src\insertUsers.bat
		src\users.js = src\users.js
	EndProjectSection
EndProject
Project("{8BB2217D-0F2D-49D1-97BC-3654ED321F3B}") = "PVP.WebApi", "src\PVP.WebApi\PVP.WebApi.xproj", "{DA2E04B1-906F-4881-A952-5FED36B52DC3}"
EndProject
Project("{8BB2217D-0F2D-49D1-97BC-3654ED321F3B}") = "PVP.DomainModel", "src\PVP.DomainModel\PVP.DomainModel.xproj", "{41BD8135-28BC-4A7A-B3A3-32788595BDF1}"
EndProject
Project("{8BB2217D-0F2D-49D1-97BC-3654ED321F3B}") = "PVP.BLL", "src\PVP.BLL\PVP.BLL.xproj", "{132FA6C0-45F4-457C-ADB7-529BD0DB3EFA}"
EndProject
Project("{8BB2217D-0F2D-49D1-97BC-3654ED321F3B}") = "PVP.DAL", "src\PVP.DAL\PVP.DAL.xproj", "{A5596025-6123-4A01-AB2B-4226F94E93F2}"
EndProject
Project("{2150E333-8FDC-42A3-9474-1A3956D46DE8}") = "server", "server", "{A43A1EA7-4EAC-4BD5-9C80-62FFEBA00A4B}"
EndProject
Project("{2150E333-8FDC-42A3-9474-1A3956D46DE8}") = "client", "client", "{6F12D7F6-FFD2-4AFA-A23C-1993700FA7A3}"
EndProject
Project("{00D1A9C2-B5F0-4AF3-8072-F6C62B433612}") = "PVP.SQL", "src\PVP.SQL\PVP.SQL.sqlproj", "{28AE4783-A1CF-41C8-AFD1-709DFE50F46A}"
EndProject
Project("{FAE04EC0-301F-11D3-BF4B-00C04F79EFBC}") = "PVP.WebClient2", "src\PVP.WebClient2\PVP.WebClient2.csproj", "{EDBD39CE-1927-49E8-831D-B5D6E87F4466}"
EndProject
Project("{8BB2217D-0F2D-49D1-97BC-3654ED321F3B}") = "PVP.Mongo", "src\PVP. Mongo\PVP.Mongo.xproj", "{38E56023-2BAB-4B55-B8E2-ADCAB49D437D}"
EndProject
Project("{2150E333-8FDC-42A3-9474-1A3956D46DE8}") = "test", "test", "{5247E418-80E5-4CB5-BDC4-AFA866A0B83C}"
EndProject
Project("{8BB2217D-0F2D-49D1-97BC-3654ED321F3B}") = "PVP.TestHub", "PVP.TestHub\PVP.TestHub.xproj", "{FDB32BD7-209A-4BF2-9644-D80DDF0E186B}"
EndProject
Global
	GlobalSection(SolutionConfigurationPlatforms) = preSolution
		Debug|Any CPU = Debug|Any CPU
		Debug|ARM = Debug|ARM
		Debug|x64 = Debug|x64
		Debug|x86 = Debug|x86
		Release|Any CPU = Release|Any CPU
		Release|ARM = Release|ARM
		Release|x64 = Release|x64
		Release|x86 = Release|x86
	EndGlobalSection
	GlobalSection(ProjectConfigurationPlatforms) = postSolution
		{DA2E04B1-906F-4881-A952-5FED36B52DC3}.Debug|Any CPU.ActiveCfg = Debug|Any CPU
		{DA2E04B1-906F-4881-A952-5FED36B52DC3}.Debug|Any CPU.Build.0 = Debug|Any CPU
		{DA2E04B1-906F-4881-A952-5FED36B52DC3}.Debug|ARM.ActiveCfg = Debug|Any CPU
		{DA2E04B1-906F-4881-A952-5FED36B52DC3}.Debug|ARM.Build.0 = Debug|Any CPU
		{DA2E04B1-906F-4881-A952-5FED36B52DC3}.Debug|x64.ActiveCfg = Debug|Any CPU
		{DA2E04B1-906F-4881-A952-5FED36B52DC3}.Debug|x64.Build.0 = Debug|Any CPU
		{DA2E04B1-906F-4881-A952-5FED36B52DC3}.Debug|x86.ActiveCfg = Debug|Any CPU
		{DA2E04B1-906F-4881-A952-5FED36B52DC3}.Debug|x86.Build.0 = Debug|Any CPU
		{DA2E04B1-906F-4881-A952-5FED36B52DC3}.Release|Any CPU.ActiveCfg = Release|Any CPU
		{DA2E04B1-906F-4881-A952-5FED36B52DC3}.Release|Any CPU.Build.0 = Release|Any CPU
		{DA2E04B1-906F-4881-A952-5FED36B52DC3}.Release|ARM.ActiveCfg = Release|Any CPU
		{DA2E04B1-906F-4881-A952-5FED36B52DC3}.Release|ARM.Build.0 = Release|Any CPU
		{DA2E04B1-906F-4881-A952-5FED36B52DC3}.Release|x64.ActiveCfg = Release|Any CPU
		{DA2E04B1-906F-4881-A952-5FED36B52DC3}.Release|x64.Build.0 = Release|Any CPU
		{DA2E04B1-906F-4881-A952-5FED36B52DC3}.Release|x86.ActiveCfg = Release|Any CPU
		{DA2E04B1-906F-4881-A952-5FED36B52DC3}.Release|x86.Build.0 = Release|Any CPU
		{41BD8135-28BC-4A7A-B3A3-32788595BDF1}.Debug|Any CPU.ActiveCfg = Debug|Any CPU
		{41BD8135-28BC-4A7A-B3A3-32788595BDF1}.Debug|Any CPU.Build.0 = Debug|Any CPU
		{41BD8135-28BC-4A7A-B3A3-32788595BDF1}.Debug|ARM.ActiveCfg = Debug|Any CPU
		{41BD8135-28BC-4A7A-B3A3-32788595BDF1}.Debug|ARM.Build.0 = Debug|Any CPU
		{41BD8135-28BC-4A7A-B3A3-32788595BDF1}.Debug|x64.ActiveCfg = Debug|Any CPU
		{41BD8135-28BC-4A7A-B3A3-32788595BDF1}.Debug|x64.Build.0 = Debug|Any CPU
		{41BD8135-28BC-4A7A-B3A3-32788595BDF1}.Debug|x86.ActiveCfg = Debug|Any CPU
		{41BD8135-28BC-4A7A-B3A3-32788595BDF1}.Debug|x86.Build.0 = Debug|Any CPU
		{41BD8135-28BC-4A7A-B3A3-32788595BDF1}.Release|Any CPU.ActiveCfg = Release|Any CPU
		{41BD8135-28BC-4A7A-B3A3-32788595BDF1}.Release|Any CPU.Build.0 = Release|Any CPU
		{41BD8135-28BC-4A7A-B3A3-32788595BDF1}.Release|ARM.ActiveCfg = Release|Any CPU
		{41BD8135-28BC-4A7A-B3A3-32788595BDF1}.Release|ARM.Build.0 = Release|Any CPU
		{41BD8135-28BC-4A7A-B3A3-32788595BDF1}.Release|x64.ActiveCfg = Release|Any CPU
		{41BD8135-28BC-4A7A-B3A3-32788595BDF1}.Release|x64.Build.0 = Release|Any CPU
		{41BD8135-28BC-4A7A-B3A3-32788595BDF1}.Release|x86.ActiveCfg = Release|Any CPU
		{41BD8135-28BC-4A7A-B3A3-32788595BDF1}.Release|x86.Build.0 = Release|Any CPU
		{132FA6C0-45F4-457C-ADB7-529BD0DB3EFA}.Debug|Any CPU.ActiveCfg = Debug|Any CPU
		{132FA6C0-45F4-457C-ADB7-529BD0DB3EFA}.Debug|Any CPU.Build.0 = Debug|Any CPU
		{132FA6C0-45F4-457C-ADB7-529BD0DB3EFA}.Debug|ARM.ActiveCfg = Debug|Any CPU
		{132FA6C0-45F4-457C-ADB7-529BD0DB3EFA}.Debug|ARM.Build.0 = Debug|Any CPU
		{132FA6C0-45F4-457C-ADB7-529BD0DB3EFA}.Debug|x64.ActiveCfg = Debug|Any CPU
		{132FA6C0-45F4-457C-ADB7-529BD0DB3EFA}.Debug|x64.Build.0 = Debug|Any CPU
		{132FA6C0-45F4-457C-ADB7-529BD0DB3EFA}.Debug|x86.ActiveCfg = Debug|Any CPU
		{132FA6C0-45F4-457C-ADB7-529BD0DB3EFA}.Debug|x86.Build.0 = Debug|Any CPU
		{132FA6C0-45F4-457C-ADB7-529BD0DB3EFA}.Release|Any CPU.ActiveCfg = Release|Any CPU
		{132FA6C0-45F4-457C-ADB7-529BD0DB3EFA}.Release|Any CPU.Build.0 = Release|Any CPU
		{132FA6C0-45F4-457C-ADB7-529BD0DB3EFA}.Release|ARM.ActiveCfg = Release|Any CPU
		{132FA6C0-45F4-457C-ADB7-529BD0DB3EFA}.Release|ARM.Build.0 = Release|Any CPU
		{132FA6C0-45F4-457C-ADB7-529BD0DB3EFA}.Release|x64.ActiveCfg = Release|Any CPU
		{132FA6C0-45F4-457C-ADB7-529BD0DB3EFA}.Release|x64.Build.0 = Release|Any CPU
		{132FA6C0-45F4-457C-ADB7-529BD0DB3EFA}.Release|x86.ActiveCfg = Release|Any CPU
		{132FA6C0-45F4-457C-ADB7-529BD0DB3EFA}.Release|x86.Build.0 = Release|Any CPU
		{A5596025-6123-4A01-AB2B-4226F94E93F2}.Debug|Any CPU.ActiveCfg = Debug|Any CPU
		{A5596025-6123-4A01-AB2B-4226F94E93F2}.Debug|Any CPU.Build.0 = Debug|Any CPU
		{A5596025-6123-4A01-AB2B-4226F94E93F2}.Debug|ARM.ActiveCfg = Debug|Any CPU
		{A5596025-6123-4A01-AB2B-4226F94E93F2}.Debug|ARM.Build.0 = Debug|Any CPU
		{A5596025-6123-4A01-AB2B-4226F94E93F2}.Debug|x64.ActiveCfg = Debug|Any CPU
		{A5596025-6123-4A01-AB2B-4226F94E93F2}.Debug|x64.Build.0 = Debug|Any CPU
		{A5596025-6123-4A01-AB2B-4226F94E93F2}.Debug|x86.ActiveCfg = Debug|Any CPU
		{A5596025-6123-4A01-AB2B-4226F94E93F2}.Debug|x86.Build.0 = Debug|Any CPU
		{A5596025-6123-4A01-AB2B-4226F94E93F2}.Release|Any CPU.ActiveCfg = Release|Any CPU
		{A5596025-6123-4A01-AB2B-4226F94E93F2}.Release|Any CPU.Build.0 = Release|Any CPU
		{A5596025-6123-4A01-AB2B-4226F94E93F2}.Release|ARM.ActiveCfg = Release|Any CPU
		{A5596025-6123-4A01-AB2B-4226F94E93F2}.Release|ARM.Build.0 = Release|Any CPU
		{A5596025-6123-4A01-AB2B-4226F94E93F2}.Release|x64.ActiveCfg = Release|Any CPU
		{A5596025-6123-4A01-AB2B-4226F94E93F2}.Release|x64.Build.0 = Release|Any CPU
		{A5596025-6123-4A01-AB2B-4226F94E93F2}.Release|x86.ActiveCfg = Release|Any CPU
		{A5596025-6123-4A01-AB2B-4226F94E93F2}.Release|x86.Build.0 = Release|Any CPU
		{28AE4783-A1CF-41C8-AFD1-709DFE50F46A}.Debug|Any CPU.ActiveCfg = Debug|Any CPU
		{28AE4783-A1CF-41C8-AFD1-709DFE50F46A}.Debug|Any CPU.Build.0 = Debug|Any CPU
		{28AE4783-A1CF-41C8-AFD1-709DFE50F46A}.Debug|Any CPU.Deploy.0 = Debug|Any CPU
		{28AE4783-A1CF-41C8-AFD1-709DFE50F46A}.Debug|ARM.ActiveCfg = Debug|Any CPU
		{28AE4783-A1CF-41C8-AFD1-709DFE50F46A}.Debug|ARM.Build.0 = Debug|Any CPU
		{28AE4783-A1CF-41C8-AFD1-709DFE50F46A}.Debug|ARM.Deploy.0 = Debug|Any CPU
		{28AE4783-A1CF-41C8-AFD1-709DFE50F46A}.Debug|x64.ActiveCfg = Debug|Any CPU
		{28AE4783-A1CF-41C8-AFD1-709DFE50F46A}.Debug|x64.Build.0 = Debug|Any CPU
		{28AE4783-A1CF-41C8-AFD1-709DFE50F46A}.Debug|x64.Deploy.0 = Debug|Any CPU
		{28AE4783-A1CF-41C8-AFD1-709DFE50F46A}.Debug|x86.ActiveCfg = Debug|Any CPU
		{28AE4783-A1CF-41C8-AFD1-709DFE50F46A}.Debug|x86.Build.0 = Debug|Any CPU
		{28AE4783-A1CF-41C8-AFD1-709DFE50F46A}.Debug|x86.Deploy.0 = Debug|Any CPU
		{28AE4783-A1CF-41C8-AFD1-709DFE50F46A}.Release|Any CPU.ActiveCfg = Release|Any CPU
		{28AE4783-A1CF-41C8-AFD1-709DFE50F46A}.Release|Any CPU.Build.0 = Release|Any CPU
		{28AE4783-A1CF-41C8-AFD1-709DFE50F46A}.Release|Any CPU.Deploy.0 = Release|Any CPU
		{28AE4783-A1CF-41C8-AFD1-709DFE50F46A}.Release|ARM.ActiveCfg = Release|Any CPU
		{28AE4783-A1CF-41C8-AFD1-709DFE50F46A}.Release|ARM.Build.0 = Release|Any CPU
		{28AE4783-A1CF-41C8-AFD1-709DFE50F46A}.Release|ARM.Deploy.0 = Release|Any CPU
		{28AE4783-A1CF-41C8-AFD1-709DFE50F46A}.Release|x64.ActiveCfg = Release|Any CPU
		{28AE4783-A1CF-41C8-AFD1-709DFE50F46A}.Release|x64.Build.0 = Release|Any CPU
		{28AE4783-A1CF-41C8-AFD1-709DFE50F46A}.Release|x64.Deploy.0 = Release|Any CPU
		{28AE4783-A1CF-41C8-AFD1-709DFE50F46A}.Release|x86.ActiveCfg = Release|Any CPU
		{28AE4783-A1CF-41C8-AFD1-709DFE50F46A}.Release|x86.Build.0 = Release|Any CPU
		{28AE4783-A1CF-41C8-AFD1-709DFE50F46A}.Release|x86.Deploy.0 = Release|Any CPU
		{EDBD39CE-1927-49E8-831D-B5D6E87F4466}.Debug|Any CPU.ActiveCfg = Debug|Any CPU
		{EDBD39CE-1927-49E8-831D-B5D6E87F4466}.Debug|Any CPU.Build.0 = Debug|Any CPU
		{EDBD39CE-1927-49E8-831D-B5D6E87F4466}.Debug|ARM.ActiveCfg = Debug|Any CPU
		{EDBD39CE-1927-49E8-831D-B5D6E87F4466}.Debug|ARM.Build.0 = Debug|Any CPU
		{EDBD39CE-1927-49E8-831D-B5D6E87F4466}.Debug|x64.ActiveCfg = Debug|Any CPU
		{EDBD39CE-1927-49E8-831D-B5D6E87F4466}.Debug|x64.Build.0 = Debug|Any CPU
		{EDBD39CE-1927-49E8-831D-B5D6E87F4466}.Debug|x86.ActiveCfg = Debug|Any CPU
		{EDBD39CE-1927-49E8-831D-B5D6E87F4466}.Debug|x86.Build.0 = Debug|Any CPU
		{EDBD39CE-1927-49E8-831D-B5D6E87F4466}.Release|Any CPU.ActiveCfg = Release|Any CPU
		{EDBD39CE-1927-49E8-831D-B5D6E87F4466}.Release|Any CPU.Build.0 = Release|Any CPU
		{EDBD39CE-1927-49E8-831D-B5D6E87F4466}.Release|ARM.ActiveCfg = Release|Any CPU
		{EDBD39CE-1927-49E8-831D-B5D6E87F4466}.Release|ARM.Build.0 = Release|Any CPU
		{EDBD39CE-1927-49E8-831D-B5D6E87F4466}.Release|x64.ActiveCfg = Release|Any CPU
		{EDBD39CE-1927-49E8-831D-B5D6E87F4466}.Release|x64.Build.0 = Release|Any CPU
		{EDBD39CE-1927-49E8-831D-B5D6E87F4466}.Release|x86.ActiveCfg = Release|Any CPU
		{EDBD39CE-1927-49E8-831D-B5D6E87F4466}.Release|x86.Build.0 = Release|Any CPU
		{38E56023-2BAB-4B55-B8E2-ADCAB49D437D}.Debug|Any CPU.ActiveCfg = Debug|Any CPU
		{38E56023-2BAB-4B55-B8E2-ADCAB49D437D}.Debug|Any CPU.Build.0 = Debug|Any CPU
		{38E56023-2BAB-4B55-B8E2-ADCAB49D437D}.Debug|ARM.ActiveCfg = Debug|Any CPU
		{38E56023-2BAB-4B55-B8E2-ADCAB49D437D}.Debug|ARM.Build.0 = Debug|Any CPU
		{38E56023-2BAB-4B55-B8E2-ADCAB49D437D}.Debug|x64.ActiveCfg = Debug|Any CPU
		{38E56023-2BAB-4B55-B8E2-ADCAB49D437D}.Debug|x64.Build.0 = Debug|Any CPU
		{38E56023-2BAB-4B55-B8E2-ADCAB49D437D}.Debug|x86.ActiveCfg = Debug|Any CPU
		{38E56023-2BAB-4B55-B8E2-ADCAB49D437D}.Debug|x86.Build.0 = Debug|Any CPU
		{38E56023-2BAB-4B55-B8E2-ADCAB49D437D}.Release|Any CPU.ActiveCfg = Release|Any CPU
		{38E56023-2BAB-4B55-B8E2-ADCAB49D437D}.Release|Any CPU.Build.0 = Release|Any CPU
		{38E56023-2BAB-4B55-B8E2-ADCAB49D437D}.Release|ARM.ActiveCfg = Release|Any CPU
		{38E56023-2BAB-4B55-B8E2-ADCAB49D437D}.Release|ARM.Build.0 = Release|Any CPU
		{38E56023-2BAB-4B55-B8E2-ADCAB49D437D}.Release|x64.ActiveCfg = Release|Any CPU
		{38E56023-2BAB-4B55-B8E2-ADCAB49D437D}.Release|x64.Build.0 = Release|Any CPU
		{38E56023-2BAB-4B55-B8E2-ADCAB49D437D}.Release|x86.ActiveCfg = Release|Any CPU
		{38E56023-2BAB-4B55-B8E2-ADCAB49D437D}.Release|x86.Build.0 = Release|Any CPU
		{FDB32BD7-209A-4BF2-9644-D80DDF0E186B}.Debug|Any CPU.ActiveCfg = Debug|Any CPU
		{FDB32BD7-209A-4BF2-9644-D80DDF0E186B}.Debug|Any CPU.Build.0 = Debug|Any CPU
		{FDB32BD7-209A-4BF2-9644-D80DDF0E186B}.Debug|ARM.ActiveCfg = Debug|Any CPU
		{FDB32BD7-209A-4BF2-9644-D80DDF0E186B}.Debug|ARM.Build.0 = Debug|Any CPU
		{FDB32BD7-209A-4BF2-9644-D80DDF0E186B}.Debug|x64.ActiveCfg = Debug|Any CPU
		{FDB32BD7-209A-4BF2-9644-D80DDF0E186B}.Debug|x64.Build.0 = Debug|Any CPU
		{FDB32BD7-209A-4BF2-9644-D80DDF0E186B}.Debug|x86.ActiveCfg = Debug|Any CPU
		{FDB32BD7-209A-4BF2-9644-D80DDF0E186B}.Debug|x86.Build.0 = Debug|Any CPU
		{FDB32BD7-209A-4BF2-9644-D80DDF0E186B}.Release|Any CPU.ActiveCfg = Release|Any CPU
		{FDB32BD7-209A-4BF2-9644-D80DDF0E186B}.Release|Any CPU.Build.0 = Release|Any CPU
		{FDB32BD7-209A-4BF2-9644-D80DDF0E186B}.Release|ARM.ActiveCfg = Release|Any CPU
		{FDB32BD7-209A-4BF2-9644-D80DDF0E186B}.Release|ARM.Build.0 = Release|Any CPU
		{FDB32BD7-209A-4BF2-9644-D80DDF0E186B}.Release|x64.ActiveCfg = Release|Any CPU
		{FDB32BD7-209A-4BF2-9644-D80DDF0E186B}.Release|x64.Build.0 = Release|Any CPU
		{FDB32BD7-209A-4BF2-9644-D80DDF0E186B}.Release|x86.ActiveCfg = Release|Any CPU
		{FDB32BD7-209A-4BF2-9644-D80DDF0E186B}.Release|x86.Build.0 = Release|Any CPU
	EndGlobalSection
	GlobalSection(SolutionProperties) = preSolution
		HideSolutionNode = FALSE
	EndGlobalSection
	GlobalSection(NestedProjects) = preSolution
		{DA2E04B1-906F-4881-A952-5FED36B52DC3} = {A43A1EA7-4EAC-4BD5-9C80-62FFEBA00A4B}
		{41BD8135-28BC-4A7A-B3A3-32788595BDF1} = {A43A1EA7-4EAC-4BD5-9C80-62FFEBA00A4B}
		{132FA6C0-45F4-457C-ADB7-529BD0DB3EFA} = {A43A1EA7-4EAC-4BD5-9C80-62FFEBA00A4B}
		{A5596025-6123-4A01-AB2B-4226F94E93F2} = {A43A1EA7-4EAC-4BD5-9C80-62FFEBA00A4B}
		{A43A1EA7-4EAC-4BD5-9C80-62FFEBA00A4B} = {A2A2B030-0EC5-47FE-8A19-1C09BB2775AE}
		{6F12D7F6-FFD2-4AFA-A23C-1993700FA7A3} = {A2A2B030-0EC5-47FE-8A19-1C09BB2775AE}
		{28AE4783-A1CF-41C8-AFD1-709DFE50F46A} = {A43A1EA7-4EAC-4BD5-9C80-62FFEBA00A4B}
		{EDBD39CE-1927-49E8-831D-B5D6E87F4466} = {6F12D7F6-FFD2-4AFA-A23C-1993700FA7A3}
		{38E56023-2BAB-4B55-B8E2-ADCAB49D437D} = {A43A1EA7-4EAC-4BD5-9C80-62FFEBA00A4B}
		{5247E418-80E5-4CB5-BDC4-AFA866A0B83C} = {A2A2B030-0EC5-47FE-8A19-1C09BB2775AE}
		{FDB32BD7-209A-4BF2-9644-D80DDF0E186B} = {5247E418-80E5-4CB5-BDC4-AFA866A0B83C}
	EndGlobalSection
EndGlobal
